
Microsoft Visual Studio Solution File, Format Version 12.00
# Visual Studio Version 16
VisualStudioVersion = 16.0.29806.167
MinimumVisualStudioVersion = 10.0.40219.1
Project("{9A19103F-16F7-4668-BE54-9A1E7A4F7556}") = "LibraryApi", "LibraryApi\LibraryApi.csproj", "{07FAA3B1-4304-47FB-A138-838E431B016F}"
EndProject
Project("{9A19103F-16F7-4668-BE54-9A1E7A4F7556}") = "LibraryApiIntegrationTests", "LibraryApiIntegrationTests\LibraryApiIntegrationTests.csproj", "{B6A92036-17A8-48FB-B49A-599C5A0BFA78}"
EndProject
Project("{9A19103F-16F7-4668-BE54-9A1E7A4F7556}") = "TimeClient", "TimeClient\TimeClient.csproj", "{82BCE814-AC28-4BE2-9232-6608715ABC15}"
EndProject
Project("{9A19103F-16F7-4668-BE54-9A1E7A4F7556}") = "RabbitMqUtils", "bes200-rabbitmqutils-master\RabbitMqUtils.csproj", "{95AECE04-1BBB-4F3E-9F12-DA4FFA70E160}"
EndProject
Project("{FAE04EC0-301F-11D3-BF4B-00C04F79EFBC}") = "ReservationProcessor", "ReservationProcessor\ReservationProcessor.csproj", "{E542BD8E-4265-4284-98A8-605C863FDDB2}"
EndProject
Global
	GlobalSection(SolutionConfigurationPlatforms) = preSolution
		Debug|Any CPU = Debug|Any CPU
		Release|Any CPU = Release|Any CPU
	EndGlobalSection
	GlobalSection(ProjectConfigurationPlatforms) = postSolution
		{07FAA3B1-4304-47FB-A138-838E431B016F}.Debug|Any CPU.ActiveCfg = Debug|Any CPU
		{07FAA3B1-4304-47FB-A138-838E431B016F}.Debug|Any CPU.Build.0 = Debug|Any CPU
		{07FAA3B1-4304-47FB-A138-838E431B016F}.Release|Any CPU.ActiveCfg = Release|Any CPU
		{07FAA3B1-4304-47FB-A138-838E431B016F}.Release|Any CPU.Build.0 = Release|Any CPU
		{B6A92036-17A8-48FB-B49A-599C5A0BFA78}.Debug|Any CPU.ActiveCfg = Debug|Any CPU
		{B6A92036-17A8-48FB-B49A-599C5A0BFA78}.Debug|Any CPU.Build.0 = Debug|Any CPU
		{B6A92036-17A8-48FB-B49A-599C5A0BFA78}.Release|Any CPU.ActiveCfg = Release|Any CPU
		{B6A92036-17A8-48FB-B49A-599C5A0BFA78}.Release|Any CPU.Build.0 = Release|Any CPU
		{82BCE814-AC28-4BE2-9232-6608715ABC15}.Debug|Any CPU.ActiveCfg = Debug|Any CPU
		{82BCE814-AC28-4BE2-9232-6608715ABC15}.Debug|Any CPU.Build.0 = Debug|Any CPU
		{82BCE814-AC28-4BE2-9232-6608715ABC15}.Release|Any CPU.ActiveCfg = Release|Any CPU
		{82BCE814-AC28-4BE2-9232-6608715ABC15}.Release|Any CPU.Build.0 = Release|Any CPU
		{95AECE04-1BBB-4F3E-9F12-DA4FFA70E160}.Debug|Any CPU.ActiveCfg = Debug|Any CPU
		{95AECE04-1BBB-4F3E-9F12-DA4FFA70E160}.Debug|Any CPU.Build.0 = Debug|Any CPU
		{95AECE04-1BBB-4F3E-9F12-DA4FFA70E160}.Release|Any CPU.ActiveCfg = Release|Any CPU
		{95AECE04-1BBB-4F3E-9F12-DA4FFA70E160}.Release|Any CPU.Build.0 = Release|Any CPU
		{E542BD8E-4265-4284-98A8-605C863FDDB2}.Debug|Any CPU.ActiveCfg = Debug|Any CPU
		{E542BD8E-4265-4284-98A8-605C863FDDB2}.Debug|Any CPU.Build.0 = Debug|Any CPU
		{E542BD8E-4265-4284-98A8-605C863FDDB2}.Release|Any CPU.ActiveCfg = Release|Any CPU
		{E542BD8E-4265-4284-98A8-605C863FDDB2}.Release|Any CPU.Build.0 = Release|Any CPU
	EndGlobalSection
	GlobalSection(SolutionProperties) = preSolution
		HideSolutionNode = FALSE
	EndGlobalSection
	GlobalSection(ExtensibilityGlobals) = postSolution
		SolutionGuid = {EC9526F0-893B-477F-A4D0-759210C007F6}
	EndGlobalSection
EndGlobal
